{
  "originHash" : "1766aeaa4acc33f51d4721e47b2c6baa3fd79fb263a4ecce86c0c021e05d81cc",
  "pins" : [
    {
      "identity" : "aws-sdk-ios-spm",
      "kind" : "remoteSourceControl",
      "location" : "https://github.com/aws-amplify/aws-sdk-ios-spm",
      "state" : {
        "revision" : "88dc028dc240ddbb617f4d7d85d1c4e3495e3295",
        "version" : "2.40.2"
      }
    }
  ],
  "version" : 3
}
