// !$*UTF8*$!
{
	archiveVersion = 1;
	classes = {
	};
	objectVersion = 77;
	objects = {

/* Begin PBXBuildFile section */
		DA6200302DD735210084DADD /* AWSCore in Frameworks */ = {isa = PBXBuildFile; productRef = DA62002F2DD735210084DADD /* AWSCore */; };
		DA6200322DD735D30084DADD /* AWSDynamoDB in Frameworks */ = {isa = PBXBuildFile; productRef = DA6200312DD735D30084DADD /* AWSDynamoDB */; };
		DAFA7E992ED8CAF7009CCEA3 /* Kingfisher in Frameworks */ = {isa = PBXBuildFile; productRef = DAFA7E982ED8CAF7009CCEA3 /* Kingfisher */; };
/* End PBXBuildFile section */

/* Begin PBXContainerItemProxy section */
		DAF1DDED2DC8D8CC00F6CF28 /* PBXContainerItemProxy */ = {
			isa = PBXContainerItemProxy;
			containerPortal = DAF1DDD62DC8D8CB00F6CF28 /* Project object */;
			proxyType = 1;
			remoteGlobalIDString = DAF1DDDD2DC8D8CB00F6CF28;
			remoteInfo = tanghulu_poop;
		};
		DAF1DDF72DC8D8CC00F6CF28 /* PBXContainerItemProxy */ = {
			isa = PBXContainerItemProxy;
			containerPortal = DAF1DDD62DC8D8CB00F6CF28 /* Project object */;
			proxyType = 1;
			remoteGlobalIDString = DAF1DDDD2DC8D8CB00F6CF28;
			remoteInfo = tanghulu_poop;
		};
/* End PBXContainerItemProxy section */

/* Begin PBXFileReference section */
		DAF1DDDE2DC8D8CB00F6CF28 /* tanghulu_poop.app */ = {isa = PBXFileReference; explicitFileType = wrapper.application; includeInIndex = 0; path = tanghulu_poop.app; sourceTree = BUILT_PRODUCTS_DIR; };
		DAF1DDEC2DC8D8CC00F6CF28 /* tanghulu_poopTests.xctest */ = {isa = PBXFileReference; explicitFileType = wrapper.cfbundle; includeInIndex = 0; path = tanghulu_poopTests.xctest; sourceTree = BUILT_PRODUCTS_DIR; };
		DAF1DDF62DC8D8CC00F6CF28 /* tanghulu_poopUITests.xctest */ = {isa = PBXFileReference; explicitFileType = wrapper.cfbundle; includeInIndex = 0; path = tanghulu_poopUITests.xctest; sourceTree = BUILT_PRODUCTS_DIR; };
/* End PBXFileReference section */

/* Begin PBXFileSystemSynchronizedBuildFileExceptionSet section */
		DA24341A2EDC381300B596E8 /* Exceptions for "tanghulu_poop" folder in "tanghulu_poop" target */ = {
			isa = PBXFileSystemSynchronizedBuildFileExceptionSet;
			membershipExceptions = (
				Display/TestView.swift,
			);
			target = DAF1DDDD2DC8D8CB00F6CF28 /* tanghulu_poop */;
		};
/* End PBXFileSystemSynchronizedBuildFileExceptionSet section */

/* Begin PBXFileSystemSynchronizedRootGroup section */
		DAF1DDE02DC8D8CB00F6CF28 /* tanghulu_poop */ = {
			isa = PBXFileSystemSynchronizedRootGroup;
			exceptions = (
				DA24341A2EDC381300B596E8 /* Exceptions for "tanghulu_poop" folder in "tanghulu_poop" target */,
			);
			path = tanghulu_poop;
			sourceTree = "<group>";
		};
		DAF1DDEF2DC8D8CC00F6CF28 /* tanghulu_poopTests */ = {
			isa = PBXFileSystemSynchronizedRootGroup;
			path = tanghulu_poopTests;
			sourceTree = "<group>";
		};
		DAF1DDF92DC8D8CC00F6CF28 /* tanghulu_poopUITests */ = {
			isa = PBXFileSystemSynchronizedRootGroup;
			path = tanghulu_poopUITests;
			sourceTree = "<group>";
		};
/* End PBXFileSystemSynchronizedRootGroup section */

/* Begin PBXFrameworksBuildPhase section */
		DAF1DDDB2DC8D8CB00F6CF28 /* Frameworks */ = {
			isa = PBXFrameworksBuildPhase;
			buildActionMask = 2147483647;
			files = (
				DAFA7E992ED8CAF7009CCEA3 /* Kingfisher in Frameworks */,
				DA6200322DD735D30084DADD /* AWSDynamoDB in Frameworks */,
				DA6200302DD735210084DADD /* AWSCore in Frameworks */,
			);
			runOnlyForDeploymentPostprocessing = 0;
		};
		DAF1DDE92DC8D8CC00F6CF28 /* Frameworks */ = {
			isa = PBXFrameworksBuildPhase;
			buildActionMask = 2147483647;
			files = (
			);
			runOnlyForDeploymentPostprocessing = 0;
		};
		DAF1DDF32DC8D8CC00F6CF28 /* Frameworks */ = {
			isa = PBXFrameworksBuildPhase;
			buildActionMask = 2147483647;
			files = (
			);
			runOnlyForDeploymentPostprocessing = 0;
		};
/* End PBXFrameworksBuildPhase section */

/* Begin PBXGroup section */
		DAF1DDD52DC8D8CB00F6CF28 = {
			isa = PBXGroup;
			children = (
				DAF1DDE02DC8D8CB00F6CF28 /* tanghulu_poop */,
				DAF1DDEF2DC8D8CC00F6CF28 /* tanghulu_poopTests */,
				DAF1DDF92DC8D8CC00F6CF28 /* tanghulu_poopUITests */,
				DAF1DDDF2DC8D8CB00F6CF28 /* Products */,
			);
			sourceTree = "<group>";
		};
		DAF1DDDF2DC8D8CB00F6CF28 /* Products */ = {
			isa = PBXGroup;
			children = (
				DAF1DDDE2DC8D8CB00F6CF28 /* tanghulu_poop.app */,
				DAF1DDEC2DC8D8CC00F6CF28 /* tanghulu_poopTests.xctest */,
				DAF1DDF62DC8D8CC00F6CF28 /* tanghulu_poopUITests.xctest */,
			);
			name = Products;
			sourceTree = "<group>";
		};
/* End PBXGroup section */

/* Begin PBXNativeTarget section */
		DAF1DDDD2DC8D8CB00F6CF28 /* tanghulu_poop */ = {
			isa = PBXNativeTarget;
			buildConfigurationList = DAF1DE002DC8D8CC00F6CF28 /* Build configuration list for PBXNativeTarget "tanghulu_poop" */;
			buildPhases = (
				DAF1DDDA2DC8D8CB00F6CF28 /* Sources */,
				DAF1DDDB2DC8D8CB00F6CF28 /* Frameworks */,
				DAF1DDDC2DC8D8CB00F6CF28 /* Resources */,
			);
			buildRules = (
			);
			dependencies = (
			);
			fileSystemSynchronizedGroups = (
				DAF1DDE02DC8D8CB00F6CF28 /* tanghulu_poop */,
			);
			name = tanghulu_poop;
			packageProductDependencies = (
				DA62002F2DD735210084DADD /* AWSCore */,
				DA6200312DD735D30084DADD /* AWSDynamoDB */,
				DAFA7E982ED8CAF7009CCEA3 /* Kingfisher */,
			);
			productName = tanghulu_poop;
			productReference = DAF1DDDE2DC8D8CB00F6CF28 /* tanghulu_poop.app */;
			productType = "com.apple.product-type.application";
		};
		DAF1DDEB2DC8D8CC00F6CF28 /* tanghulu_poopTests */ = {
			isa = PBXNativeTarget;
			buildConfigurationList = DAF1DE032DC8D8CC00F6CF28 /* Build configuration list for PBXNativeTarget "tanghulu_poopTests" */;
			buildPhases = (
				DAF1DDE82DC8D8CC00F6CF28 /* Sources */,
				DAF1DDE92DC8D8CC00F6CF28 /* Frameworks */,
				DAF1DDEA2DC8D8CC00F6CF28 /* Resources */,
			);
			buildRules = (
			);
			dependencies = (
				DAF1DDEE2DC8D8CC00F6CF28 /* PBXTargetDependency */,
			);
			fileSystemSynchronizedGroups = (
				DAF1DDEF2DC8D8CC00F6CF28 /* tanghulu_poopTests */,
			);
			name = tanghulu_poopTests;
			packageProductDependencies = (
			);
			productName = tanghulu_poopTests;
			productReference = DAF1DDEC2DC8D8CC00F6CF28 /* tanghulu_poopTests.xctest */;
			productType = "com.apple.product-type.bundle.unit-test";
		};
		DAF1DDF52DC8D8CC00F6CF28 /* tanghulu_poopUITests */ = {
			isa = PBXNativeTarget;
			buildConfigurationList = DAF1DE062DC8D8CC00F6CF28 /* Build configuration list for PBXNativeTarget "tanghulu_poopUITests" */;
			buildPhases = (
				DAF1DDF22DC8D8CC00F6CF28 /* Sources */,
				DAF1DDF32DC8D8CC00F6CF28 /* Frameworks */,
				DAF1DDF42DC8D8CC00F6CF28 /* Resources */,
			);
			buildRules = (
			);
			dependencies = (
				DAF1DDF82DC8D8CC00F6CF28 /* PBXTargetDependency */,
			);
			fileSystemSynchronizedGroups = (
				DAF1DDF92DC8D8CC00F6CF28 /* tanghulu_poopUITests */,
			);
			name = tanghulu_poopUITests;
			packageProductDependencies = (
			);
			productName = tanghulu_poopUITests;
			productReference = DAF1DDF62DC8D8CC00F6CF28 /* tanghulu_poopUITests.xctest */;
			productType = "com.apple.product-type.bundle.ui-testing";
		};
/* End PBXNativeTarget section */

/* Begin PBXProject section */
		DAF1DDD62DC8D8CB00F6CF28 /* Project object */ = {
			isa = PBXProject;
			attributes = {
				BuildIndependentTargetsInParallel = 1;
				LastSwiftUpdateCheck = 1630;
				LastUpgradeCheck = 1630;
				TargetAttributes = {
					DAF1DDDD2DC8D8CB00F6CF28 = {
						CreatedOnToolsVersion = 16.3;
					};
					DAF1DDEB2DC8D8CC00F6CF28 = {
						CreatedOnToolsVersion = 16.3;
						TestTargetID = DAF1DDDD2DC8D8CB00F6CF28;
					};
					DAF1DDF52DC8D8CC00F6CF28 = {
						CreatedOnToolsVersion = 16.3;
						TestTargetID = DAF1DDDD2DC8D8CB00F6CF28;
					};
				};
			};
			buildConfigurationList = DAF1DDD92DC8D8CB00F6CF28 /* Build configuration list for PBXProject "tanghulu_poop" */;
			developmentRegion = ko;
			hasScannedForEncodings = 0;
			knownRegions = (
				Base,
				ko,
			);
			mainGroup = DAF1DDD52DC8D8CB00F6CF28;
			minimizedProjectReferenceProxies = 1;
			packageReferences = (
				DA62002E2DD735210084DADD /* XCRemoteSwiftPackageReference "aws-sdk-ios-spm" */,
				DAFA7E972ED8CAF7009CCEA3 /* XCRemoteSwiftPackageReference "Kingfisher" */,
			);
			preferredProjectObjectVersion = 77;
			productRefGroup = DAF1DDDF2DC8D8CB00F6CF28 /* Products */;
			projectDirPath = "";
			projectRoot = "";
			targets = (
				DAF1DDDD2DC8D8CB00F6CF28 /* tanghulu_poop */,
				DAF1DDEB2DC8D8CC00F6CF28 /* tanghulu_poopTests */,
				DAF1DDF52DC8D8CC00F6CF28 /* tanghulu_poopUITests */,
			);
		};
/* End PBXProject section */

/* Begin PBXResourcesBuildPhase section */
		DAF1DDDC2DC8D8CB00F6CF28 /* Resources */ = {
			isa = PBXResourcesBuildPhase;
			buildActionMask = 2147483647;
			files = (
			);
			runOnlyForDeploymentPostprocessing = 0;
		};
		DAF1DDEA2DC8D8CC00F6CF28 /* Resources */ = {
			isa = PBXResourcesBuildPhase;
			buildActionMask = 2147483647;
			files = (
			);
			runOnlyForDeploymentPostprocessing = 0;
		};
		DAF1DDF42DC8D8CC00F6CF28 /* Resources */ = {
			isa = PBXResourcesBuildPhase;
			buildActionMask = 2147483647;
			files = (
			);
			runOnlyForDeploymentPostprocessing = 0;
		};
/* End PBXResourcesBuildPhase section */

/* Begin PBXSourcesBuildPhase section */
		DAF1DDDA2DC8D8CB00F6CF28 /* Sources */ = {
			isa = PBXSourcesBuildPhase;
			buildActionMask = 2147483647;
			files = (
			);
			runOnlyForDeploymentPostprocessing = 0;
		};
		DAF1DDE82DC8D8CC00F6CF28 /* Sources */ = {
			isa = PBXSourcesBuildPhase;
			buildActionMask = 2147483647;
			files = (
			);
			runOnlyForDeploymentPostprocessing = 0;
		};
		DAF1DDF22DC8D8CC00F6CF28 /* Sources */ = {
			isa = PBXSourcesBuildPhase;
			buildActionMask = 2147483647;
			files = (
			);
			runOnlyForDeploymentPostprocessing = 0;
		};
/* End PBXSourcesBuildPhase section */

/* Begin PBXTargetDependency section */
		DAF1DDEE2DC8D8CC00F6CF28 /* PBXTargetDependency */ = {
			isa = PBXTargetDependency;
			target = DAF1DDDD2DC8D8CB00F6CF28 /* tanghulu_poop */;
			targetProxy = DAF1DDED2DC8D8CC00F6CF28 /* PBXContainerItemProxy */;
		};
		DAF1DDF82DC8D8CC00F6CF28 /* PBXTargetDependency */ = {
			isa = PBXTargetDependency;
			target = DAF1DDDD2DC8D8CB00F6CF28 /* tanghulu_poop */;
			targetProxy = DAF1DDF72DC8D8CC00F6CF28 /* PBXContainerItemProxy */;
		};
/* End PBXTargetDependency section */

/* Begin XCBuildConfiguration section */
		DAF1DDFE2DC8D8CC00F6CF28 /* Debug */ = {
			isa = XCBuildConfiguration;
			buildSettings = {
				ALWAYS_SEARCH_USER_PATHS = NO;
				ASSETCATALOG_COMPILER_GENERATE_SWIFT_ASSET_SYMBOL_EXTENSIONS = YES;
				CLANG_ANALYZER_NONNULL = YES;
				CLANG_ANALYZER_NUMBER_OBJECT_CONVERSION = YES_AGGRESSIVE;
				CLANG_CXX_LANGUAGE_STANDARD = "gnu++20";
				CLANG_ENABLE_MODULES = YES;
				CLANG_ENABLE_OBJC_ARC = YES;
				CLANG_ENABLE_OBJC_WEAK = YES;
				CLANG_WARN_BLOCK_CAPTURE_AUTORELEASING = YES;
				CLANG_WARN_BOOL_CONVERSION = YES;
				CLANG_WARN_COMMA = YES;
				CLANG_WARN_CONSTANT_CONVERSION = YES;
				CLANG_WARN_DEPRECATED_OBJC_IMPLEMENTATIONS = YES;
				CLANG_WARN_DIRECT_OBJC_ISA_USAGE = YES_ERROR;
				CLANG_WARN_DOCUMENTATION_COMMENTS = YES;
				CLANG_WARN_EMPTY_BODY = YES;
				CLANG_WARN_ENUM_CONVERSION = YES;
				CLANG_WARN_INFINITE_RECURSION = YES;
				CLANG_WARN_INT_CONVERSION = YES;
				CLANG_WARN_NON_LITERAL_NULL_CONVERSION = YES;
				CLANG_WARN_OBJC_IMPLICIT_RETAIN_SELF = YES;
				CLANG_WARN_OBJC_LITERAL_CONVERSION = YES;
				CLANG_WARN_OBJC_ROOT_CLASS = YES_ERROR;
				CLANG_WARN_QUOTED_INCLUDE_IN_FRAMEWORK_HEADER = YES;
				CLANG_WARN_RANGE_LOOP_ANALYSIS = YES;
				CLANG_WARN_STRICT_PROTOTYPES = YES;
				CLANG_WARN_SUSPICIOUS_MOVE = YES;
				CLANG_WARN_UNGUARDED_AVAILABILITY = YES_AGGRESSIVE;
				CLANG_WARN_UNREACHABLE_CODE = YES;
				CLANG_WARN__DUPLICATE_METHOD_MATCH = YES;
				COPY_PHASE_STRIP = NO;
				DEBUG_INFORMATION_FORMAT = dwarf;
				DEVELOPMENT_TEAM = W3QMDDLKW5;
				ENABLE_STRICT_OBJC_MSGSEND = YES;
				ENABLE_TESTABILITY = YES;
				ENABLE_USER_SCRIPT_SANDBOXING = YES;
				GCC_C_LANGUAGE_STANDARD = gnu17;
				GCC_DYNAMIC_NO_PIC = NO;
				GCC_NO_COMMON_BLOCKS = YES;
				GCC_OPTIMIZATION_LEVEL = 0;
				GCC_PREPROCESSOR_DEFINITIONS = (
					"DEBUG=1",
					"$(inherited)",
				);
				GCC_WARN_64_TO_32_BIT_CONVERSION = YES;
				GCC_WARN_ABOUT_RETURN_TYPE = YES_ERROR;
				GCC_WARN_UNDECLARED_SELECTOR = YES;
				GCC_WARN_UNINITIALIZED_AUTOS = YES_AGGRESSIVE;
				GCC_WARN_UNUSED_FUNCTION = YES;
				GCC_WARN_UNUSED_VARIABLE = YES;
				LOCALIZATION_PREFERS_STRING_CATALOGS = YES;
				MTL_ENABLE_DEBUG_INFO = INCLUDE_SOURCE;
				MTL_FAST_MATH = YES;
				ONLY_ACTIVE_ARCH = YES;
				SWIFT_ACTIVE_COMPILATION_CONDITIONS = "DEBUG $(inherited)";
				SWIFT_OPTIMIZATION_LEVEL = "-Onone";
			};
			name = Debug;
		};
		DAF1DDFF2DC8D8CC00F6CF28 /* Release */ = {
			isa = XCBuildConfiguration;
			buildSettings = {
				ALWAYS_SEARCH_USER_PATHS = NO;
				ASSETCATALOG_COMPILER_GENERATE_SWIFT_ASSET_SYMBOL_EXTENSIONS = YES;
				CLANG_ANALYZER_NONNULL = YES;
				CLANG_ANALYZER_NUMBER_OBJECT_CONVERSION = YES_AGGRESSIVE;
				CLANG_CXX_LANGUAGE_STANDARD = "gnu++20";
				CLANG_ENABLE_MODULES = YES;
				CLANG_ENABLE_OBJC_ARC = YES;
				CLANG_ENABLE_OBJC_WEAK = YES;
				CLANG_WARN_BLOCK_CAPTURE_AUTORELEASING = YES;
				CLANG_WARN_BOOL_CONVERSION = YES;
				CLANG_WARN_COMMA = YES;
				CLANG_WARN_CONSTANT_CONVERSION = YES;
				CLANG_WARN_DEPRECATED_OBJC_IMPLEMENTATIONS = YES;
				CLANG_WARN_DIRECT_OBJC_ISA_USAGE = YES_ERROR;
				CLANG_WARN_DOCUMENTATION_COMMENTS = YES;
				CLANG_WARN_EMPTY_BODY = YES;
				CLANG_WARN_ENUM_CONVERSION = YES;
				CLANG_WARN_INFINITE_RECURSION = YES;
				CLANG_WARN_INT_CONVERSION = YES;
				CLANG_WARN_NON_LITERAL_NULL_CONVERSION = YES;
				CLANG_WARN_OBJC_IMPLICIT_RETAIN_SELF = YES;
				CLANG_WARN_OBJC_LITERAL_CONVERSION = YES;
				CLANG_WARN_OBJC_ROOT_CLASS = YES_ERROR;
				CLANG_WARN_QUOTED_INCLUDE_IN_FRAMEWORK_HEADER = YES;
				CLANG_WARN_RANGE_LOOP_ANALYSIS = YES;
				CLANG_WARN_STRICT_PROTOTYPES = YES;
				CLANG_WARN_SUSPICIOUS_MOVE = YES;
				CLANG_WARN_UNGUARDED_AVAILABILITY = YES_AGGRESSIVE;
				CLANG_WARN_UNREACHABLE_CODE = YES;
				CLANG_WARN__DUPLICATE_METHOD_MATCH = YES;
				COPY_PHASE_STRIP = NO;
				DEBUG_INFORMATION_FORMAT = "dwarf-with-dsym";
				DEVELOPMENT_TEAM = W3QMDDLKW5;
				ENABLE_NS_ASSERTIONS = NO;
				ENABLE_STRICT_OBJC_MSGSEND = YES;
				ENABLE_USER_SCRIPT_SANDBOXING = YES;
				GCC_C_LANGUAGE_STANDARD = gnu17;
				GCC_NO_COMMON_BLOCKS = YES;
				GCC_WARN_64_TO_32_BIT_CONVERSION = YES;
				GCC_WARN_ABOUT_RETURN_TYPE = YES_ERROR;
				GCC_WARN_UNDECLARED_SELECTOR = YES;
				GCC_WARN_UNINITIALIZED_AUTOS = YES_AGGRESSIVE;
				GCC_WARN_UNUSED_FUNCTION = YES;
				GCC_WARN_UNUSED_VARIABLE = YES;
				LOCALIZATION_PREFERS_STRING_CATALOGS = YES;
				MTL_ENABLE_DEBUG_INFO = NO;
				MTL_FAST_MATH = YES;
				SWIFT_COMPILATION_MODE = wholemodule;
			};
			name = Release;
		};
		DAF1DE012DC8D8CC00F6CF28 /* Debug */ = {
			isa = XCBuildConfiguration;
			buildSettings = {
				ASSETCATALOG_COMPILER_APPICON_NAME = AppIcon;
				ASSETCATALOG_COMPILER_GLOBAL_ACCENT_COLOR_NAME = AccentColor;
				CODE_SIGN_ENTITLEMENTS = tanghulu_poop/tanghulu_poop.entitlements;
				CODE_SIGN_STYLE = Automatic;
				CURRENT_PROJECT_VERSION = 11;
				DEVELOPMENT_TEAM = W3QMDDLKW5;
				ENABLE_HARDENED_RUNTIME = YES;
				ENABLE_PREVIEWS = YES;
				GENERATE_INFOPLIST_FILE = YES;
				INFOPLIST_KEY_CFBundleDisplayName = "똥 싸고 싶어";
				"INFOPLIST_KEY_UIApplicationSceneManifest_Generation[sdk=iphoneos*]" = YES;
				"INFOPLIST_KEY_UIApplicationSceneManifest_Generation[sdk=iphonesimulator*]" = YES;
				"INFOPLIST_KEY_UIApplicationSupportsIndirectInputEvents[sdk=iphoneos*]" = YES;
				"INFOPLIST_KEY_UIApplicationSupportsIndirectInputEvents[sdk=iphonesimulator*]" = YES;
				"INFOPLIST_KEY_UILaunchScreen_Generation[sdk=iphoneos*]" = YES;
				"INFOPLIST_KEY_UILaunchScreen_Generation[sdk=iphonesimulator*]" = YES;
				"INFOPLIST_KEY_UIStatusBarStyle[sdk=iphoneos*]" = UIStatusBarStyleDefault;
				"INFOPLIST_KEY_UIStatusBarStyle[sdk=iphonesimulator*]" = UIStatusBarStyleDefault;
				INFOPLIST_KEY_UISupportedInterfaceOrientations_iPad = "UIInterfaceOrientationPortrait UIInterfaceOrientationPortraitUpsideDown UIInterfaceOrientationLandscapeLeft UIInterfaceOrientationLandscapeRight";
				INFOPLIST_KEY_UISupportedInterfaceOrientations_iPhone = "UIInterfaceOrientationPortrait UIInterfaceOrientationLandscapeLeft UIInterfaceOrientationLandscapeRight";
				IPHONEOS_DEPLOYMENT_TARGET = 17.0;
				LD_RUNPATH_SEARCH_PATHS = "@executable_path/Frameworks";
				"LD_RUNPATH_SEARCH_PATHS[sdk=macosx*]" = "@executable_path/../Frameworks";
				MACOSX_DEPLOYMENT_TARGET = 15.3;
				MARKETING_VERSION = 1.0.7;
				PRODUCT_BUNDLE_IDENTIFIER = com.tanghulu.poop;
				PRODUCT_NAME = "$(TARGET_NAME)";
				REGISTER_APP_GROUPS = YES;
				SDKROOT = auto;
				SUPPORTED_PLATFORMS = "iphoneos iphonesimulator";
				SUPPORTS_MACCATALYST = NO;
				SWIFT_EMIT_LOC_STRINGS = YES;
				SWIFT_VERSION = 5.0;
				TARGETED_DEVICE_FAMILY = "1,2";
				XROS_DEPLOYMENT_TARGET = 2.4;
			};
			name = Debug;
		};
		DAF1DE022DC8D8CC00F6CF28 /* Release */ = {
			isa = XCBuildConfiguration;
			buildSettings = {
				ASSETCATALOG_COMPILER_APPICON_NAME = AppIcon;
				ASSETCATALOG_COMPILER_GLOBAL_ACCENT_COLOR_NAME = AccentColor;
				CODE_SIGN_ENTITLEMENTS = tanghulu_poop/tanghulu_poop.entitlements;
				CODE_SIGN_STYLE = Automatic;
				CURRENT_PROJECT_VERSION = 11;
				DEVELOPMENT_TEAM = W3QMDDLKW5;
				ENABLE_HARDENED_RUNTIME = YES;
				ENABLE_PREVIEWS = YES;
				GENERATE_INFOPLIST_FILE = YES;
				INFOPLIST_KEY_CFBundleDisplayName = "똥 싸고 싶어";
				"INFOPLIST_KEY_UIApplicationSceneManifest_Generation[sdk=iphoneos*]" = YES;
				"INFOPLIST_KEY_UIApplicationSceneManifest_Generation[sdk=iphonesimulator*]" = YES;
				"INFOPLIST_KEY_UIApplicationSupportsIndirectInputEvents[sdk=iphoneos*]" = YES;
				"INFOPLIST_KEY_UIApplicationSupportsIndirectInputEvents[sdk=iphonesimulator*]" = YES;
				"INFOPLIST_KEY_UILaunchScreen_Generation[sdk=iphoneos*]" = YES;
				"INFOPLIST_KEY_UILaunchScreen_Generation[sdk=iphonesimulator*]" = YES;
				"INFOPLIST_KEY_UIStatusBarStyle[sdk=iphoneos*]" = UIStatusBarStyleDefault;
				"INFOPLIST_KEY_UIStatusBarStyle[sdk=iphonesimulator*]" = UIStatusBarStyleDefault;
				INFOPLIST_KEY_UISupportedInterfaceOrientations_iPad = "UIInterfaceOrientationPortrait UIInterfaceOrientationPortraitUpsideDown UIInterfaceOrientationLandscapeLeft UIInterfaceOrientationLandscapeRight";
				INFOPLIST_KEY_UISupportedInterfaceOrientations_iPhone = "UIInterfaceOrientationPortrait UIInterfaceOrientationLandscapeLeft UIInterfaceOrientationLandscapeRight";
				IPHONEOS_DEPLOYMENT_TARGET = 17.0;
				LD_RUNPATH_SEARCH_PATHS = "@executable_path/Frameworks";
				"LD_RUNPATH_SEARCH_PATHS[sdk=macosx*]" = "@executable_path/../Frameworks";
				MACOSX_DEPLOYMENT_TARGET = 15.3;
				MARKETING_VERSION = 1.0.7;
				PRODUCT_BUNDLE_IDENTIFIER = com.tanghulu.poop;
				PRODUCT_NAME = "$(TARGET_NAME)";
				REGISTER_APP_GROUPS = YES;
				SDKROOT = auto;
				SUPPORTED_PLATFORMS = "iphoneos iphonesimulator";
				SUPPORTS_MACCATALYST = NO;
				SWIFT_EMIT_LOC_STRINGS = YES;
				SWIFT_VERSION = 5.0;
				TARGETED_DEVICE_FAMILY = "1,2";
				XROS_DEPLOYMENT_TARGET = 2.4;
			};
			name = Release;
		};
		DAF1DE042DC8D8CC00F6CF28 /* Debug */ = {
			isa = XCBuildConfiguration;
			buildSettings = {
				BUNDLE_LOADER = "$(TEST_HOST)";
				CODE_SIGN_STYLE = Automatic;
				CURRENT_PROJECT_VERSION = 1;
				DEVELOPMENT_TEAM = W3QMDDLKW5;
				GENERATE_INFOPLIST_FILE = YES;
				IPHONEOS_DEPLOYMENT_TARGET = 18.4;
				MACOSX_DEPLOYMENT_TARGET = 15.3;
				MARKETING_VERSION = 1.0;
				PRODUCT_BUNDLE_IDENTIFIER = "com.moare.tanghulu-poopTests";
				PRODUCT_NAME = "$(TARGET_NAME)";
				SDKROOT = auto;
				SUPPORTED_PLATFORMS = "iphoneos iphonesimulator macosx xros xrsimulator";
				SWIFT_EMIT_LOC_STRINGS = NO;
				SWIFT_VERSION = 5.0;
				TARGETED_DEVICE_FAMILY = "1,2,7";
				TEST_HOST = "$(BUILT_PRODUCTS_DIR)/tanghulu_poop.app/$(BUNDLE_EXECUTABLE_FOLDER_PATH)/tanghulu_poop";
				XROS_DEPLOYMENT_TARGET = 2.4;
			};
			name = Debug;
		};
		DAF1DE052DC8D8CC00F6CF28 /* Release */ = {
			isa = XCBuildConfiguration;
			buildSettings = {
				BUNDLE_LOADER = "$(TEST_HOST)";
				CODE_SIGN_STYLE = Automatic;
				CURRENT_PROJECT_VERSION = 1;
				DEVELOPMENT_TEAM = W3QMDDLKW5;
				GENERATE_INFOPLIST_FILE = YES;
				IPHONEOS_DEPLOYMENT_TARGET = 18.4;
				MACOSX_DEPLOYMENT_TARGET = 15.3;
				MARKETING_VERSION = 1.0;
				PRODUCT_BUNDLE_IDENTIFIER = "com.moare.tanghulu-poopTests";
				PRODUCT_NAME = "$(TARGET_NAME)";
				SDKROOT = auto;
				SUPPORTED_PLATFORMS = "iphoneos iphonesimulator macosx xros xrsimulator";
				SWIFT_EMIT_LOC_STRINGS = NO;
				SWIFT_VERSION = 5.0;
				TARGETED_DEVICE_FAMILY = "1,2,7";
				TEST_HOST = "$(BUILT_PRODUCTS_DIR)/tanghulu_poop.app/$(BUNDLE_EXECUTABLE_FOLDER_PATH)/tanghulu_poop";
				XROS_DEPLOYMENT_TARGET = 2.4;
			};
			name = Release;
		};
		DAF1DE072DC8D8CC00F6CF28 /* Debug */ = {
			isa = XCBuildConfiguration;
			buildSettings = {
				CODE_SIGN_STYLE = Automatic;
				CURRENT_PROJECT_VERSION = 1;
				DEVELOPMENT_TEAM = W3QMDDLKW5;
				GENERATE_INFOPLIST_FILE = YES;
				IPHONEOS_DEPLOYMENT_TARGET = 18.4;
				MACOSX_DEPLOYMENT_TARGET = 15.3;
				MARKETING_VERSION = 1.0;
				PRODUCT_BUNDLE_IDENTIFIER = "com.moare.tanghulu-poopUITests";
				PRODUCT_NAME = "$(TARGET_NAME)";
				SDKROOT = auto;
				SUPPORTED_PLATFORMS = "iphoneos iphonesimulator macosx xros xrsimulator";
				SWIFT_EMIT_LOC_STRINGS = NO;
				SWIFT_VERSION = 5.0;
				TARGETED_DEVICE_FAMILY = "1,2,7";
				TEST_TARGET_NAME = tanghulu_poop;
				XROS_DEPLOYMENT_TARGET = 2.4;
			};
			name = Debug;
		};
		DAF1DE082DC8D8CC00F6CF28 /* Release */ = {
			isa = XCBuildConfiguration;
			buildSettings = {
				CODE_SIGN_STYLE = Automatic;
				CURRENT_PROJECT_VERSION = 1;
				DEVELOPMENT_TEAM = W3QMDDLKW5;
				GENERATE_INFOPLIST_FILE = YES;
				IPHONEOS_DEPLOYMENT_TARGET = 18.4;
				MACOSX_DEPLOYMENT_TARGET = 15.3;
				MARKETING_VERSION = 1.0;
				PRODUCT_BUNDLE_IDENTIFIER = "com.moare.tanghulu-poopUITests";
				PRODUCT_NAME = "$(TARGET_NAME)";
				SDKROOT = auto;
				SUPPORTED_PLATFORMS = "iphoneos iphonesimulator macosx xros xrsimulator";
				SWIFT_EMIT_LOC_STRINGS = NO;
				SWIFT_VERSION = 5.0;
				TARGETED_DEVICE_FAMILY = "1,2,7";
				TEST_TARGET_NAME = tanghulu_poop;
				XROS_DEPLOYMENT_TARGET = 2.4;
			};
			name = Release;
		};
/* End XCBuildConfiguration section */

/* Begin XCConfigurationList section */
		DAF1DDD92DC8D8CB00F6CF28 /* Build configuration list for PBXProject "tanghulu_poop" */ = {
			isa = XCConfigurationList;
			buildConfigurations = (
				DAF1DDFE2DC8D8CC00F6CF28 /* Debug */,
				DAF1DDFF2DC8D8CC00F6CF28 /* Release */,
			);
			defaultConfigurationIsVisible = 0;
			defaultConfigurationName = Release;
		};
		DAF1DE002DC8D8CC00F6CF28 /* Build configuration list for PBXNativeTarget "tanghulu_poop" */ = {
			isa = XCConfigurationList;
			buildConfigurations = (
				DAF1DE012DC8D8CC00F6CF28 /* Debug */,
				DAF1DE022DC8D8CC00F6CF28 /* Release */,
			);
			defaultConfigurationIsVisible = 0;
			defaultConfigurationName = Release;
		};
		DAF1DE032DC8D8CC00F6CF28 /* Build configuration list for PBXNativeTarget "tanghulu_poopTests" */ = {
			isa = XCConfigurationList;
			buildConfigurations = (
				DAF1DE042DC8D8CC00F6CF28 /* Debug */,
				DAF1DE052DC8D8CC00F6CF28 /* Release */,
			);
			defaultConfigurationIsVisible = 0;
			defaultConfigurationName = Release;
		};
		DAF1DE062DC8D8CC00F6CF28 /* Build configuration list for PBXNativeTarget "tanghulu_poopUITests" */ = {
			isa = XCConfigurationList;
			buildConfigurations = (
				DAF1DE072DC8D8CC00F6CF28 /* Debug */,
				DAF1DE082DC8D8CC00F6CF28 /* Release */,
			);
			defaultConfigurationIsVisible = 0;
			defaultConfigurationName = Release;
		};
/* End XCConfigurationList section */

/* Begin XCRemoteSwiftPackageReference section */
		DA62002E2DD735210084DADD /* XCRemoteSwiftPackageReference "aws-sdk-ios-spm" */ = {
			isa = XCRemoteSwiftPackageReference;
			repositoryURL = "https://github.com/aws-amplify/aws-sdk-ios-spm";
			requirement = {
				kind = upToNextMajorVersion;
				minimumVersion = 2.40.2;
			};
		};
		DAFA7E972ED8CAF7009CCEA3 /* XCRemoteSwiftPackageReference "Kingfisher" */ = {
			isa = XCRemoteSwiftPackageReference;
			repositoryURL = "https://github.com/onevcat/Kingfisher.git";
			requirement = {
				kind = upToNextMajorVersion;
				minimumVersion = 8.6.2;
			};
		};
/* End XCRemoteSwiftPackageReference section */

/* Begin XCSwiftPackageProductDependency section */
		DA62002F2DD735210084DADD /* AWSCore */ = {
			isa = XCSwiftPackageProductDependency;
			package = DA62002E2DD735210084DADD /* XCRemoteSwiftPackageReference "aws-sdk-ios-spm" */;
			productName = AWSCore;
		};
		DA6200312DD735D30084DADD /* AWSDynamoDB */ = {
			isa = XCSwiftPackageProductDependency;
			package = DA62002E2DD735210084DADD /* XCRemoteSwiftPackageReference "aws-sdk-ios-spm" */;
			productName = AWSDynamoDB;
		};
		DAFA7E982ED8CAF7009CCEA3 /* Kingfisher */ = {
			isa = XCSwiftPackageProductDependency;
			package = DAFA7E972ED8CAF7009CCEA3 /* XCRemoteSwiftPackageReference "Kingfisher" */;
			productName = Kingfisher;
		};
/* End XCSwiftPackageProductDependency section */
	};
	rootObject = DAF1DDD62DC8D8CB00F6CF28 /* Project object */;
}
